
Microsoft Visual Studio Solution File, Format Version 12.00
# Visual Studio 14
VisualStudioVersion = 14.0.25420.1
MinimumVisualStudioVersion = 10.0.40219.1
Project("{2150E333-8FDC-42A3-9474-1A3956D46DE8}") = "领域层", "领域层", "{20360589-6B82-4E3B-9F46-4AC68818730F}"
EndProject
Project("{2150E333-8FDC-42A3-9474-1A3956D46DE8}") = "基础设施层", "基础设施层", "{3FFFF738-CE3F-4F55-9D8E-F9B604DDFA47}"
EndProject
Project("{2150E333-8FDC-42A3-9474-1A3956D46DE8}") = "应用服务层", "应用服务层", "{CAE1A2B8-D443-4A5C-8DE1-C547DCEBF7C6}"
EndProject
Project("{FAE04EC0-301F-11D3-BF4B-00C04F79EFBC}") = "ZF.Application", "后台管理\ZF.Application\ZF.Application.csproj", "{A59BF620-3D84-4E2E-A613-6DD0E11B5192}"
EndProject
Project("{FAE04EC0-301F-11D3-BF4B-00C04F79EFBC}") = "ZF.Core", "后台管理\ZF.Core\ZF.Core.csproj", "{BDFE6680-FB76-4C1D-825C-4619AD795ED8}"
EndProject
Project("{FAE04EC0-301F-11D3-BF4B-00C04F79EFBC}") = "ZF.Dapper.Db", "后台管理\ZF.Dapper.Db\ZF.Dapper.Db.csproj", "{C1602562-939D-47BA-8E71-E9ECD05F796A}"
EndProject
Project("{FAE04EC0-301F-11D3-BF4B-00C04F79EFBC}") = "DapperExtensions", "后台管理\DapperExtensions\DapperExtensions.csproj", "{4C1A2C6C-A469-4C87-98D1-F1D517FA1ACF}"
EndProject
Project("{FAE04EC0-301F-11D3-BF4B-00C04F79EFBC}") = "Dapper", "后台管理\Dapper\Dapper.csproj", "{9845D7C1-9697-4195-8794-1B9E6388AD04}"
EndProject
Project("{FAE04EC0-301F-11D3-BF4B-00C04F79EFBC}") = "ZF.Infrastructure", "公共类库\ZF.Infrastructure\ZF.Infrastructure.csproj", "{57495A9C-9F92-4DDA-94E9-D551686F7A3C}"
EndProject
Project("{FAE04EC0-301F-11D3-BF4B-00C04F79EFBC}") = "ZF.AutoMapper", "公共类库\ZF.AtupMapper\ZF.AutoMapper.csproj", "{BAB275B3-C292-4A63-B7B3-DA79C36D13F0}"
EndProject
Project("{FAE04EC0-301F-11D3-BF4B-00C04F79EFBC}") = "ZF.Web", "后台管理\ZF.Web\ZF.Web.csproj", "{4EE61955-2197-48A8-83A2-5CCBC53333EB}"
EndProject
Project("{2150E333-8FDC-42A3-9474-1A3956D46DE8}") = "数据访问", "数据访问", "{5ABBC761-E391-46DA-8F63-C58C204B14E1}"
EndProject
Project("{FAE04EC0-301F-11D3-BF4B-00C04F79EFBC}") = "ZF.API", "后台管理\ZF.API\ZF.API.csproj", "{FF9F3397-D096-4BE0-8A1B-5DA5ADEBBF47}"
EndProject
Project("{2150E333-8FDC-42A3-9474-1A3956D46DE8}") = "EF服务层", "EF服务层", "{8C813986-DC15-466D-8ED1-A6663919EF34}"
EndProject
Project("{FAE04EC0-301F-11D3-BF4B-00C04F79EFBC}") = "ZF.EF.Service", "ZF.EF.Service\ZF.EF.Service.csproj", "{0E473017-4FFC-4F85-B5EF-AD472CBC704C}"
EndProject
Project("{FAE04EC0-301F-11D3-BF4B-00C04F79EFBC}") = "EF.API", "EF.API\EF.API.csproj", "{31F9667F-658D-47B1-B293-79CE56CDFEF8}"
EndProject
Project("{FAE04EC0-301F-11D3-BF4B-00C04F79EFBC}") = "TestEFService", "TestEFService\TestEFService.csproj", "{8D95B331-EB52-4B6E-BF85-21EB77E6217E}"
EndProject
Global
	GlobalSection(SolutionConfigurationPlatforms) = preSolution
		Debug|Any CPU = Debug|Any CPU
		Release|Any CPU = Release|Any CPU
	EndGlobalSection
	GlobalSection(ProjectConfigurationPlatforms) = postSolution
		{A59BF620-3D84-4E2E-A613-6DD0E11B5192}.Debug|Any CPU.ActiveCfg = Debug|Any CPU
		{A59BF620-3D84-4E2E-A613-6DD0E11B5192}.Debug|Any CPU.Build.0 = Debug|Any CPU
		{A59BF620-3D84-4E2E-A613-6DD0E11B5192}.Release|Any CPU.ActiveCfg = Release|Any CPU
		{A59BF620-3D84-4E2E-A613-6DD0E11B5192}.Release|Any CPU.Build.0 = Release|Any CPU
		{BDFE6680-FB76-4C1D-825C-4619AD795ED8}.Debug|Any CPU.ActiveCfg = Debug|Any CPU
		{BDFE6680-FB76-4C1D-825C-4619AD795ED8}.Debug|Any CPU.Build.0 = Debug|Any CPU
		{BDFE6680-FB76-4C1D-825C-4619AD795ED8}.Release|Any CPU.ActiveCfg = Release|Any CPU
		{BDFE6680-FB76-4C1D-825C-4619AD795ED8}.Release|Any CPU.Build.0 = Release|Any CPU
		{C1602562-939D-47BA-8E71-E9ECD05F796A}.Debug|Any CPU.ActiveCfg = Debug|Any CPU
		{C1602562-939D-47BA-8E71-E9ECD05F796A}.Debug|Any CPU.Build.0 = Debug|Any CPU
		{C1602562-939D-47BA-8E71-E9ECD05F796A}.Release|Any CPU.ActiveCfg = Release|Any CPU
		{C1602562-939D-47BA-8E71-E9ECD05F796A}.Release|Any CPU.Build.0 = Release|Any CPU
		{4C1A2C6C-A469-4C87-98D1-F1D517FA1ACF}.Debug|Any CPU.ActiveCfg = Debug|Any CPU
		{4C1A2C6C-A469-4C87-98D1-F1D517FA1ACF}.Debug|Any CPU.Build.0 = Debug|Any CPU
		{4C1A2C6C-A469-4C87-98D1-F1D517FA1ACF}.Release|Any CPU.ActiveCfg = Release|Any CPU
		{4C1A2C6C-A469-4C87-98D1-F1D517FA1ACF}.Release|Any CPU.Build.0 = Release|Any CPU
		{9845D7C1-9697-4195-8794-1B9E6388AD04}.Debug|Any CPU.ActiveCfg = Debug|Any CPU
		{9845D7C1-9697-4195-8794-1B9E6388AD04}.Debug|Any CPU.Build.0 = Debug|Any CPU
		{9845D7C1-9697-4195-8794-1B9E6388AD04}.Release|Any CPU.ActiveCfg = Release|Any CPU
		{9845D7C1-9697-4195-8794-1B9E6388AD04}.Release|Any CPU.Build.0 = Release|Any CPU
		{57495A9C-9F92-4DDA-94E9-D551686F7A3C}.Debug|Any CPU.ActiveCfg = Debug|Any CPU
		{57495A9C-9F92-4DDA-94E9-D551686F7A3C}.Debug|Any CPU.Build.0 = Debug|Any CPU
		{57495A9C-9F92-4DDA-94E9-D551686F7A3C}.Release|Any CPU.ActiveCfg = Release|Any CPU
		{57495A9C-9F92-4DDA-94E9-D551686F7A3C}.Release|Any CPU.Build.0 = Release|Any CPU
		{BAB275B3-C292-4A63-B7B3-DA79C36D13F0}.Debug|Any CPU.ActiveCfg = Debug|Any CPU
		{BAB275B3-C292-4A63-B7B3-DA79C36D13F0}.Debug|Any CPU.Build.0 = Debug|Any CPU
		{BAB275B3-C292-4A63-B7B3-DA79C36D13F0}.Release|Any CPU.ActiveCfg = Release|Any CPU
		{BAB275B3-C292-4A63-B7B3-DA79C36D13F0}.Release|Any CPU.Build.0 = Release|Any CPU
		{4EE61955-2197-48A8-83A2-5CCBC53333EB}.Debug|Any CPU.ActiveCfg = Debug|Any CPU
		{4EE61955-2197-48A8-83A2-5CCBC53333EB}.Debug|Any CPU.Build.0 = Debug|Any CPU
		{4EE61955-2197-48A8-83A2-5CCBC53333EB}.Release|Any CPU.ActiveCfg = Release|Any CPU
		{4EE61955-2197-48A8-83A2-5CCBC53333EB}.Release|Any CPU.Build.0 = Release|Any CPU
		{FF9F3397-D096-4BE0-8A1B-5DA5ADEBBF47}.Debug|Any CPU.ActiveCfg = Debug|Any CPU
		{FF9F3397-D096-4BE0-8A1B-5DA5ADEBBF47}.Debug|Any CPU.Build.0 = Debug|Any CPU
		{FF9F3397-D096-4BE0-8A1B-5DA5ADEBBF47}.Release|Any CPU.ActiveCfg = Release|Any CPU
		{FF9F3397-D096-4BE0-8A1B-5DA5ADEBBF47}.Release|Any CPU.Build.0 = Release|Any CPU
		{0E473017-4FFC-4F85-B5EF-AD472CBC704C}.Debug|Any CPU.ActiveCfg = Debug|Any CPU
		{0E473017-4FFC-4F85-B5EF-AD472CBC704C}.Debug|Any CPU.Build.0 = Debug|Any CPU
		{0E473017-4FFC-4F85-B5EF-AD472CBC704C}.Release|Any CPU.ActiveCfg = Release|Any CPU
		{0E473017-4FFC-4F85-B5EF-AD472CBC704C}.Release|Any CPU.Build.0 = Release|Any CPU
		{31F9667F-658D-47B1-B293-79CE56CDFEF8}.Debug|Any CPU.ActiveCfg = Debug|Any CPU
		{31F9667F-658D-47B1-B293-79CE56CDFEF8}.Debug|Any CPU.Build.0 = Debug|Any CPU
		{31F9667F-658D-47B1-B293-79CE56CDFEF8}.Release|Any CPU.ActiveCfg = Release|Any CPU
		{31F9667F-658D-47B1-B293-79CE56CDFEF8}.Release|Any CPU.Build.0 = Release|Any CPU
		{8D95B331-EB52-4B6E-BF85-21EB77E6217E}.Debug|Any CPU.ActiveCfg = Debug|Any CPU
		{8D95B331-EB52-4B6E-BF85-21EB77E6217E}.Debug|Any CPU.Build.0 = Debug|Any CPU
		{8D95B331-EB52-4B6E-BF85-21EB77E6217E}.Release|Any CPU.ActiveCfg = Release|Any CPU
		{8D95B331-EB52-4B6E-BF85-21EB77E6217E}.Release|Any CPU.Build.0 = Release|Any CPU
	EndGlobalSection
	GlobalSection(SolutionProperties) = preSolution
		HideSolutionNode = FALSE
	EndGlobalSection
	GlobalSection(NestedProjects) = preSolution
		{A59BF620-3D84-4E2E-A613-6DD0E11B5192} = {CAE1A2B8-D443-4A5C-8DE1-C547DCEBF7C6}
		{BDFE6680-FB76-4C1D-825C-4619AD795ED8} = {20360589-6B82-4E3B-9F46-4AC68818730F}
		{C1602562-939D-47BA-8E71-E9ECD05F796A} = {5ABBC761-E391-46DA-8F63-C58C204B14E1}
		{4C1A2C6C-A469-4C87-98D1-F1D517FA1ACF} = {3FFFF738-CE3F-4F55-9D8E-F9B604DDFA47}
		{9845D7C1-9697-4195-8794-1B9E6388AD04} = {3FFFF738-CE3F-4F55-9D8E-F9B604DDFA47}
		{57495A9C-9F92-4DDA-94E9-D551686F7A3C} = {3FFFF738-CE3F-4F55-9D8E-F9B604DDFA47}
		{BAB275B3-C292-4A63-B7B3-DA79C36D13F0} = {3FFFF738-CE3F-4F55-9D8E-F9B604DDFA47}
		{0E473017-4FFC-4F85-B5EF-AD472CBC704C} = {8C813986-DC15-466D-8ED1-A6663919EF34}
	EndGlobalSection
EndGlobal
